
Microsoft Visual Studio Solution File, Format Version 12.00
# Visual Studio 2013
VisualStudioVersion = 12.0.21005.1
MinimumVisualStudioVersion = 10.0.40219.1
Project("{911E67C6-3D85-4FCE-B560-20A9C3E3FF48}") = "ProgramaMarfiniteMogi.vshost", "ProgramaMarfiniteMogi.vshost.exe", "{5DFD875B-BA20-4D62-9C3C-6D93F5315F3E}"
	ProjectSection(DebuggerProjectSystem) = preProject
		PortSupplier = 00000000-0000-0000-0000-000000000000
		Executable = C:\Users\Central\Desktop\Projeto Programa Marfinite Mogi\release\ProgramaMarfiniteMogi.vshost.exe
		RemoteMachine = FERNANDO
		StartingDirectory = C:\Users\Central\Desktop\Projeto Programa Marfinite Mogi\release
		Environment = Default
		LaunchingEngine = 00000000-0000-0000-0000-000000000000
		UseLegacyDebugEngines = No
		LaunchSQLEngine = No
		AttachLaunchAction = No
	EndProjectSection
EndProject
Global
	GlobalSection(SolutionConfigurationPlatforms) = preSolution
		Debug|x86 = Debug|x86
	EndGlobalSection
	GlobalSection(ProjectConfigurationPlatforms) = postSolution
		{5DFD875B-BA20-4D62-9C3C-6D93F5315F3E}.Debug|x86.ActiveCfg = Debug|x86
	EndGlobalSection
	GlobalSection(SolutionProperties) = preSolution
		HideSolutionNode = FALSE
	EndGlobalSection
EndGlobal
